// !$*UTF8*$!
{
	archiveVersion = 1;
	classes = {
	};
	objectVersion = 46;
	objects = {

/* Begin PBXBuildFile section */
		A091C0CB19470D1200711D6A /* main.swift in Sources */ = {isa = PBXBuildFile; fileRef = A091C0CA19470D1200711D6A /* main.swift */; };
		A091C0CD19470D1200711D6A /* ViewController.swift in Sources */ = {isa = PBXBuildFile; fileRef = A091C0CC19470D1200711D6A /* ViewController.swift */; };
		A091C0CF19470D1200711D6A /* AppDelegate.swift in Sources */ = {isa = PBXBuildFile; fileRef = A091C0CE19470D1200711D6A /* AppDelegate.swift */; };
		A091C0D119470D1200711D6A /* Images.xcassets in Resources */ = {isa = PBXBuildFile; fileRef = A091C0D019470D1200711D6A /* Images.xcassets */; };
		A091C0D419470D1200711D6A /* Main.storyboard in Resources */ = {isa = PBXBuildFile; fileRef = A091C0D219470D1200711D6A /* Main.storyboard */; };
		A091C0E019470D1200711D6A /* SlackTeamTests.swift in Sources */ = {isa = PBXBuildFile; fileRef = A091C0DF19470D1200711D6A /* SlackTeamTests.swift */; };
/* End PBXBuildFile section */

/* Begin PBXContainerItemProxy section */
		A091C0DA19470D1200711D6A /* PBXContainerItemProxy */ = {
			isa = PBXContainerItemProxy;
			containerPortal = A091C0BD19470D1200711D6A /* Project object */;
			proxyType = 1;
			remoteGlobalIDString = A091C0C419470D1200711D6A;
			remoteInfo = SlackTeam;
		};
/* End PBXContainerItemProxy section */

/* Begin PBXFileReference section */
		A091C0C519470D1200711D6A /* SlackTeam.app */ = {isa = PBXFileReference; explicitFileType = wrapper.application; includeInIndex = 0; path = SlackTeam.app; sourceTree = BUILT_PRODUCTS_DIR; };
		A091C0C919470D1200711D6A /* Info.plist */ = {isa = PBXFileReference; lastKnownFileType = text.plist.xml; path = Info.plist; sourceTree = "<group>"; };
		A091C0CA19470D1200711D6A /* main.swift */ = {isa = PBXFileReference; lastKnownFileType = sourcecode.swift; path = main.swift; sourceTree = "<group>"; };
		A091C0CC19470D1200711D6A /* ViewController.swift */ = {isa = PBXFileReference; lastKnownFileType = sourcecode.swift; path = ViewController.swift; sourceTree = "<group>"; };
		A091C0CE19470D1200711D6A /* AppDelegate.swift */ = {isa = PBXFileReference; lastKnownFileType = sourcecode.swift; path = AppDelegate.swift; sourceTree = "<group>"; };
		A091C0D019470D1200711D6A /* Images.xcassets */ = {isa = PBXFileReference; lastKnownFileType = folder.assetcatalog; path = Images.xcassets; sourceTree = "<group>"; };
		A091C0D319470D1200711D6A /* Base */ = {isa = PBXFileReference; lastKnownFileType = file.storyboard; name = Base; path = Base.lproj/Main.storyboard; sourceTree = "<group>"; };
		A091C0D919470D1200711D6A /* SlackTeamTests.xctest */ = {isa = PBXFileReference; explicitFileType = wrapper.cfbundle; includeInIndex = 0; path = SlackTeamTests.xctest; sourceTree = BUILT_PRODUCTS_DIR; };
		A091C0DE19470D1200711D6A /* Info.plist */ = {isa = PBXFileReference; lastKnownFileType = text.plist.xml; path = Info.plist; sourceTree = "<group>"; };
		A091C0DF19470D1200711D6A /* SlackTeamTests.swift */ = {isa = PBXFileReference; lastKnownFileType = sourcecode.swift; path = SlackTeamTests.swift; sourceTree = "<group>"; };
/* End PBXFileReference section */

/* Begin PBXFrameworksBuildPhase section */
		A091C0C219470D1200711D6A /* Frameworks */ = {
			isa = PBXFrameworksBuildPhase;
			buildActionMask = 2147483647;
			files = (
			);
			runOnlyForDeploymentPostprocessing = 0;
		};
		A091C0D619470D1200711D6A /* Frameworks */ = {
			isa = PBXFrameworksBuildPhase;
			buildActionMask = 2147483647;
			files = (
			);
			runOnlyForDeploymentPostprocessing = 0;
		};
/* End PBXFrameworksBuildPhase section */

/* Begin PBXGroup section */
		A091C0BC19470D1200711D6A = {
			isa = PBXGroup;
			children = (
				A091C0C719470D1200711D6A /* SlackTeam */,
				A091C0DC19470D1200711D6A /* SlackTeamTests */,
				A091C0C619470D1200711D6A /* Products */,
			);
			sourceTree = "<group>";
		};
		A091C0C619470D1200711D6A /* Products */ = {
			isa = PBXGroup;
			children = (
				A091C0C519470D1200711D6A /* SlackTeam.app */,
				A091C0D919470D1200711D6A /* SlackTeamTests.xctest */,
			);
			name = Products;
			sourceTree = "<group>";
		};
		A091C0C719470D1200711D6A /* SlackTeam */ = {
			isa = PBXGroup;
			children = (
				A091C0CC19470D1200711D6A /* ViewController.swift */,
				A091C0CE19470D1200711D6A /* AppDelegate.swift */,
				A091C0D019470D1200711D6A /* Images.xcassets */,
				A091C0D219470D1200711D6A /* Main.storyboard */,
				A091C0C819470D1200711D6A /* Supporting Files */,
			);
			path = SlackTeam;
			sourceTree = "<group>";
		};
		A091C0C819470D1200711D6A /* Supporting Files */ = {
			isa = PBXGroup;
			children = (
				A091C0C919470D1200711D6A /* Info.plist */,
				A091C0CA19470D1200711D6A /* main.swift */,
			);
			name = "Supporting Files";
			sourceTree = "<group>";
		};
		A091C0DC19470D1200711D6A /* SlackTeamTests */ = {
			isa = PBXGroup;
			children = (
				A091C0DF19470D1200711D6A /* SlackTeamTests.swift */,
				A091C0DD19470D1200711D6A /* Supporting Files */,
			);
			path = SlackTeamTests;
			sourceTree = "<group>";
		};
		A091C0DD19470D1200711D6A /* Supporting Files */ = {
			isa = PBXGroup;
			children = (
				A091C0DE19470D1200711D6A /* Info.plist */,
			);
			name = "Supporting Files";
			sourceTree = "<group>";
		};
/* End PBXGroup section */

/* Begin PBXNativeTarget section */
		A091C0C419470D1200711D6A /* SlackTeam */ = {
			isa = PBXNativeTarget;
			buildConfigurationList = A091C0E319470D1200711D6A /* Build configuration list for PBXNativeTarget "SlackTeam" */;
			buildPhases = (
				A091C0C119470D1200711D6A /* Sources */,
				A091C0C219470D1200711D6A /* Frameworks */,
				A091C0C319470D1200711D6A /* Resources */,
			);
			buildRules = (
			);
			dependencies = (
			);
			name = SlackTeam;
			productName = SlackTeam;
			productReference = A091C0C519470D1200711D6A /* SlackTeam.app */;
			productType = "com.apple.product-type.application";
		};
		A091C0D819470D1200711D6A /* SlackTeamTests */ = {
			isa = PBXNativeTarget;
			buildConfigurationList = A091C0E619470D1200711D6A /* Build configuration list for PBXNativeTarget "SlackTeamTests" */;
			buildPhases = (
				A091C0D519470D1200711D6A /* Sources */,
				A091C0D619470D1200711D6A /* Frameworks */,
				A091C0D719470D1200711D6A /* Resources */,
			);
			buildRules = (
			);
			dependencies = (
				A091C0DB19470D1200711D6A /* PBXTargetDependency */,
			);
			name = SlackTeamTests;
			productName = SlackTeamTests;
			productReference = A091C0D919470D1200711D6A /* SlackTeamTests.xctest */;
			productType = "com.apple.product-type.bundle.unit-test";
		};
/* End PBXNativeTarget section */

/* Begin PBXProject section */
		A091C0BD19470D1200711D6A /* Project object */ = {
			isa = PBXProject;
			attributes = {
				LastUpgradeCheck = 0600;
				ORGANIZATIONNAME = Saick;
				TargetAttributes = {
					A091C0C419470D1200711D6A = {
						CreatedOnToolsVersion = 6.0;
					};
					A091C0D819470D1200711D6A = {
						CreatedOnToolsVersion = 6.0;
						TestTargetID = A091C0C419470D1200711D6A;
					};
				};
			};
			buildConfigurationList = A091C0C019470D1200711D6A /* Build configuration list for PBXProject "SlackTeam" */;
			compatibilityVersion = "Xcode 3.2";
			developmentRegion = English;
			hasScannedForEncodings = 0;
			knownRegions = (
				en,
				Base,
			);
			mainGroup = A091C0BC19470D1200711D6A;
			productRefGroup = A091C0C619470D1200711D6A /* Products */;
			projectDirPath = "";
			projectRoot = "";
			targets = (
				A091C0C419470D1200711D6A /* SlackTeam */,
				A091C0D819470D1200711D6A /* SlackTeamTests */,
			);
		};
/* End PBXProject section */

/* Begin PBXResourcesBuildPhase section */
		A091C0C319470D1200711D6A /* Resources */ = {
			isa = PBXResourcesBuildPhase;
			buildActionMask = 2147483647;
			files = (
				A091C0D119470D1200711D6A /* Images.xcassets in Resources */,
				A091C0D419470D1200711D6A /* Main.storyboard in Resources */,
			);
			runOnlyForDeploymentPostprocessing = 0;
		};
		A091C0D719470D1200711D6A /* Resources */ = {
			isa = PBXResourcesBuildPhase;
			buildActionMask = 2147483647;
			files = (
			);
			runOnlyForDeploymentPostprocessing = 0;
		};
/* End PBXResourcesBuildPhase section */

/* Begin PBXSourcesBuildPhase section */
		A091C0C119470D1200711D6A /* Sources */ = {
			isa = PBXSourcesBuildPhase;
			buildActionMask = 2147483647;
			files = (
				A091C0CF19470D1200711D6A /* AppDelegate.swift in Sources */,
				A091C0CD19470D1200711D6A /* ViewController.swift in Sources */,
				A091C0CB19470D1200711D6A /* main.swift in Sources */,
			);
			runOnlyForDeploymentPostprocessing = 0;
		};
		A091C0D519470D1200711D6A /* Sources */ = {
			isa = PBXSourcesBuildPhase;
			buildActionMask = 2147483647;
			files = (
				A091C0E019470D1200711D6A /* SlackTeamTests.swift in Sources */,
			);
			runOnlyForDeploymentPostprocessing = 0;
		};
/* End PBXSourcesBuildPhase section */

/* Begin PBXTargetDependency section */
		A091C0DB19470D1200711D6A /* PBXTargetDependency */ = {
			isa = PBXTargetDependency;
			target = A091C0C419470D1200711D6A /* SlackTeam */;
			targetProxy = A091C0DA19470D1200711D6A /* PBXContainerItemProxy */;
		};
/* End PBXTargetDependency section */

/* Begin PBXVariantGroup section */
		A091C0D219470D1200711D6A /* Main.storyboard */ = {
			isa = PBXVariantGroup;
			children = (
				A091C0D319470D1200711D6A /* Base */,
			);
			name = Main.storyboard;
			sourceTree = "<group>";
		};
/* End PBXVariantGroup section */

/* Begin XCBuildConfiguration section */
		A091C0E119470D1200711D6A /* Debug */ = {
			isa = XCBuildConfiguration;
			buildSettings = {
				ALWAYS_SEARCH_USER_PATHS = NO;
				CLANG_CXX_LANGUAGE_STANDARD = "gnu++0x";
				CLANG_CXX_LIBRARY = "libc++";
				CLANG_ENABLE_MODULES = YES;
				CLANG_ENABLE_OBJC_ARC = YES;
				CLANG_WARN_BOOL_CONVERSION = YES;
				CLANG_WARN_CONSTANT_CONVERSION = YES;
				CLANG_WARN_DIRECT_OBJC_ISA_USAGE = YES_ERROR;
				CLANG_WARN_EMPTY_BODY = YES;
				CLANG_WARN_ENUM_CONVERSION = YES;
				CLANG_WARN_INT_CONVERSION = YES;
				CLANG_WARN_OBJC_ROOT_CLASS = YES_ERROR;
				CLANG_WARN_UNREACHABLE_CODE = YES;
				CLANG_WARN__DUPLICATE_METHOD_MATCH = YES;
				CODE_SIGN_IDENTITY = "-";
				COPY_PHASE_STRIP = NO;
				ENABLE_STRICT_OBJC_MSGSEND = YES;
				GCC_C_LANGUAGE_STANDARD = gnu99;
				GCC_DYNAMIC_NO_PIC = NO;
				GCC_OPTIMIZATION_LEVEL = 0;
				GCC_PREPROCESSOR_DEFINITIONS = (
					"DEBUG=1",
					"$(inherited)",
				);
				GCC_SYMBOLS_PRIVATE_EXTERN = NO;
				GCC_WARN_64_TO_32_BIT_CONVERSION = YES;
				GCC_WARN_ABOUT_RETURN_TYPE = YES_ERROR;
				GCC_WARN_UNDECLARED_SELECTOR = YES;
				GCC_WARN_UNINITIALIZED_AUTOS = YES_AGGRESSIVE;
				GCC_WARN_UNUSED_FUNCTION = YES;
				GCC_WARN_UNUSED_VARIABLE = YES;
				MACOSX_DEPLOYMENT_TARGET = 10.10;
				METAL_ENABLE_DEBUG_INFO = YES;
				ONLY_ACTIVE_ARCH = YES;
				SDKROOT = macosx;
				SWIFT_OPTIMIZATION_LEVEL = "-Onone";
			};
			name = Debug;
		};
		A091C0E219470D1200711D6A /* Release */ = {
			isa = XCBuildConfiguration;
			buildSettings = {
				ALWAYS_SEARCH_USER_PATHS = NO;
				CLANG_CXX_LANGUAGE_STANDARD = "gnu++0x";
				CLANG_CXX_LIBRARY = "libc++";
				CLANG_ENABLE_MODULES = YES;
				CLANG_ENABLE_OBJC_ARC = YES;
				CLANG_WARN_BOOL_CONVERSION = YES;
				CLANG_WARN_CONSTANT_CONVERSION = YES;
				CLANG_WARN_DIRECT_OBJC_ISA_USAGE = YES_ERROR;
				CLANG_WARN_EMPTY_BODY = YES;
				CLANG_WARN_ENUM_CONVERSION = YES;
				CLANG_WARN_INT_CONVERSION = YES;
				CLANG_WARN_OBJC_ROOT_CLASS = YES_ERROR;
				CLANG_WARN_UNREACHABLE_CODE = YES;
				CLANG_WARN__DUPLICATE_METHOD_MATCH = YES;
				CODE_SIGN_IDENTITY = "-";
				COPY_PHASE_STRIP = YES;
				DEBUG_INFORMATION_FORMAT = "dwarf-with-dsym";
				ENABLE_NS_ASSERTIONS = NO;
				ENABLE_STRICT_OBJC_MSGSEND = YES;
				GCC_C_LANGUAGE_STANDARD = gnu99;
				GCC_WARN_64_TO_32_BIT_CONVERSION = YES;
				GCC_WARN_ABOUT_RETURN_TYPE = YES_ERROR;
				GCC_WARN_UNDECLARED_SELECTOR = YES;
				GCC_WARN_UNINITIALIZED_AUTOS = YES_AGGRESSIVE;
				GCC_WARN_UNUSED_FUNCTION = YES;
				GCC_WARN_UNUSED_VARIABLE = YES;
				MACOSX_DEPLOYMENT_TARGET = 10.10;
				METAL_ENABLE_DEBUG_INFO = NO;
				SDKROOT = macosx;
			};
			name = Release;
		};
		A091C0E419470D1200711D6A /* Debug */ = {
			isa = XCBuildConfiguration;
			buildSettings = {
				ASSETCATALOG_COMPILER_APPICON_NAME = AppIcon;
				COMBINE_HIDPI_IMAGES = YES;
				INFOPLIST_FILE = SlackTeam/Info.plist;
				LD_RUNPATH_SEARCH_PATHS = "$(inherited) @executable_path/../Frameworks";
				PRODUCT_NAME = "$(TARGET_NAME)";
			};
			name = Debug;
		};
		A091C0E519470D1200711D6A /* Release */ = {
			isa = XCBuildConfiguration;
			buildSettings = {
				ASSETCATALOG_COMPILER_APPICON_NAME = AppIcon;
				COMBINE_HIDPI_IMAGES = YES;
				INFOPLIST_FILE = SlackTeam/Info.plist;
				LD_RUNPATH_SEARCH_PATHS = "$(inherited) @executable_path/../Frameworks";
				PRODUCT_NAME = "$(TARGET_NAME)";
			};
			name = Release;
		};
		A091C0E719470D1200711D6A /* Debug */ = {
			isa = XCBuildConfiguration;
			buildSettings = {
				BUNDLE_LOADER = "$(BUILT_PRODUCTS_DIR)/SlackTeam.app/Contents/MacOS/SlackTeam";
				COMBINE_HIDPI_IMAGES = YES;
				FRAMEWORK_SEARCH_PATHS = (
					"$(DEVELOPER_FRAMEWORKS_DIR)",
					"$(inherited)",
				);
				GCC_PREPROCESSOR_DEFINITIONS = (
					"DEBUG=1",
					"$(inherited)",
				);
				INFOPLIST_FILE = SlackTeamTests/Info.plist;
				LD_RUNPATH_SEARCH_PATHS = "$(inherited) @executable_path/../Frameworks @loader_path/../Frameworks";
				METAL_ENABLE_DEBUG_INFO = YES;
				PRODUCT_NAME = "$(TARGET_NAME)";
				TEST_HOST = "$(BUNDLE_LOADER)";
			};
			name = Debug;
		};
		A091C0E819470D1200711D6A /* Release */ = {
			isa = XCBuildConfiguration;
			buildSettings = {
				BUNDLE_LOADER = "$(BUILT_PRODUCTS_DIR)/SlackTeam.app/Contents/MacOS/SlackTeam";
				COMBINE_HIDPI_IMAGES = YES;
				FRAMEWORK_SEARCH_PATHS = (
					"$(DEVELOPER_FRAMEWORKS_DIR)",
					"$(inherited)",
				);
				INFOPLIST_FILE = SlackTeamTests/Info.plist;
				LD_RUNPATH_SEARCH_PATHS = "$(inherited) @executable_path/../Frameworks @loader_path/../Frameworks";
				METAL_ENABLE_DEBUG_INFO = NO;
				PRODUCT_NAME = "$(TARGET_NAME)";
				TEST_HOST = "$(BUNDLE_LOADER)";
			};
			name = Release;
		};
/* End XCBuildConfiguration section */

/* Begin XCConfigurationList section */
		A091C0C019470D1200711D6A /* Build configuration list for PBXProject "SlackTeam" */ = {
			isa = XCConfigurationList;
			buildConfigurations = (
				A091C0E119470D1200711D6A /* Debug */,
				A091C0E219470D1200711D6A /* Release */,
			);
			defaultConfigurationIsVisible = 0;
			defaultConfigurationName = Release;
		};
		A091C0E319470D1200711D6A /* Build configuration list for PBXNativeTarget "SlackTeam" */ = {
			isa = XCConfigurationList;
			buildConfigurations = (
				A091C0E419470D1200711D6A /* Debug */,
				A091C0E519470D1200711D6A /* Release */,
			);
			defaultConfigurationIsVisible = 0;
			defaultConfigurationName = Release;
		};
		A091C0E619470D1200711D6A /* Build configuration list for PBXNativeTarget "SlackTeamTests" */ = {
			isa = XCConfigurationList;
			buildConfigurations = (
				A091C0E719470D1200711D6A /* Debug */,
				A091C0E819470D1200711D6A /* Release */,
			);
			defaultConfigurationIsVisible = 0;
			defaultConfigurationName = Release;
		};
/* End XCConfigurationList section */
	};
	rootObject = A091C0BD19470D1200711D6A /* Project object */;
}
